
Microsoft Visual Studio Solution File, Format Version 12.00
# Visual Studio Version 17
VisualStudioVersion = 17.0.32112.339
MinimumVisualStudioVersion = 10.0.40219.1
Project("{9A19103F-16F7-4668-BE54-9A1E7A4F7556}") = "PersonService", "PersonService.csproj", "{806E7279-2824-4A4D-8C4F-4B7DD75ABAC9}"
EndProject
Global
	GlobalSection(SolutionConfigurationPlatforms) = preSolution
		Debug|Any CPU = Debug|Any CPU
		Release|Any CPU = Release|Any CPU
	EndGlobalSection
	GlobalSection(ProjectConfigurationPlatforms) = postSolution
		{806E7279-2824-4A4D-8C4F-4B7DD75ABAC9}.Debug|Any CPU.ActiveCfg = Debug|Any CPU
		{806E7279-2824-4A4D-8C4F-4B7DD75ABAC9}.Debug|Any CPU.Build.0 = Debug|Any CPU
		{806E7279-2824-4A4D-8C4F-4B7DD75ABAC9}.Release|Any CPU.ActiveCfg = Release|Any CPU
		{806E7279-2824-4A4D-8C4F-4B7DD75ABAC9}.Release|Any CPU.Build.0 = Release|Any CPU
	EndGlobalSection
	GlobalSection(SolutionProperties) = preSolution
		HideSolutionNode = FALSE
	EndGlobalSection
	GlobalSection(ExtensibilityGlobals) = postSolution
		SolutionGuid = {0B909385-F885-49FB-94FE-C3460E1E9675}
	EndGlobalSection
EndGlobal
